
Microsoft Visual Studio Solution File, Format Version 12.00
# Visual Studio Version 16
VisualStudioVersion = 16.0.31321.278
MinimumVisualStudioVersion = 10.0.40219.1
Project("{9A19103F-16F7-4668-BE54-9A1E7A4F7556}") = "TeamWebshopProject.Test", "TeamWebshopProject.Test\TeamWebshopProject.Test.csproj", "{C3945F04-2D9F-403D-A903-4E82DC82D4F1}"
EndProject
Project("{FAE04EC0-301F-11D3-BF4B-00C04F79EFBC}") = "TeamWebshopProject.API", "TeamWebshopProject.API\TeamWebshopProject.API.csproj", "{CAB027A0-F296-43C9-923E-0CFD91FD67D6}"
EndProject
Project("{FAE04EC0-301F-11D3-BF4B-00C04F79EFBC}") = "TeamWebshopProject.Client", "TeamWebshopProject.Client\TeamWebshopProject.Client.csproj", "{2574F603-4B6C-4A30-BFDD-E3BC09EEDFDF}"
EndProject
Global
	GlobalSection(SolutionConfigurationPlatforms) = preSolution
		Debug|Any CPU = Debug|Any CPU
		Release|Any CPU = Release|Any CPU
	EndGlobalSection
	GlobalSection(ProjectConfigurationPlatforms) = postSolution
		{C3945F04-2D9F-403D-A903-4E82DC82D4F1}.Debug|Any CPU.ActiveCfg = Debug|Any CPU
		{C3945F04-2D9F-403D-A903-4E82DC82D4F1}.Debug|Any CPU.Build.0 = Debug|Any CPU
		{C3945F04-2D9F-403D-A903-4E82DC82D4F1}.Release|Any CPU.ActiveCfg = Release|Any CPU
		{C3945F04-2D9F-403D-A903-4E82DC82D4F1}.Release|Any CPU.Build.0 = Release|Any CPU
		{CAB027A0-F296-43C9-923E-0CFD91FD67D6}.Debug|Any CPU.ActiveCfg = Debug|Any CPU
		{CAB027A0-F296-43C9-923E-0CFD91FD67D6}.Debug|Any CPU.Build.0 = Debug|Any CPU
		{CAB027A0-F296-43C9-923E-0CFD91FD67D6}.Release|Any CPU.ActiveCfg = Release|Any CPU
		{CAB027A0-F296-43C9-923E-0CFD91FD67D6}.Release|Any CPU.Build.0 = Release|Any CPU
		{2574F603-4B6C-4A30-BFDD-E3BC09EEDFDF}.Debug|Any CPU.ActiveCfg = Debug|Any CPU
		{2574F603-4B6C-4A30-BFDD-E3BC09EEDFDF}.Debug|Any CPU.Build.0 = Debug|Any CPU
		{2574F603-4B6C-4A30-BFDD-E3BC09EEDFDF}.Release|Any CPU.ActiveCfg = Release|Any CPU
		{2574F603-4B6C-4A30-BFDD-E3BC09EEDFDF}.Release|Any CPU.Build.0 = Release|Any CPU
	EndGlobalSection
	GlobalSection(SolutionProperties) = preSolution
		HideSolutionNode = FALSE
	EndGlobalSection
	GlobalSection(ExtensibilityGlobals) = postSolution
		SolutionGuid = {EFCCDD70-CA71-4E2A-9CAE-7A6062DC6237}
	EndGlobalSection
EndGlobal
