
Microsoft Visual Studio Solution File, Format Version 12.00
# Visual Studio Version 16
VisualStudioVersion = 16.0.31321.278
MinimumVisualStudioVersion = 10.0.40219.1
Project("{9A19103F-16F7-4668-BE54-9A1E7A4F7556}") = "TeamWebshopProject.API", "TeamWebshopProject\TeamWebshopProject.API.csproj", "{F91B88D9-103F-4BE9-89E2-B0F096E90B1B}"
EndProject
Project("{9A19103F-16F7-4668-BE54-9A1E7A4F7556}") = "TeamWebshopProject.Test", "TeamWebshopProject.Test\TeamWebshopProject.Test.csproj", "{C3945F04-2D9F-403D-A903-4E82DC82D4F1}"
EndProject
Global
	GlobalSection(SolutionConfigurationPlatforms) = preSolution
		Debug|Any CPU = Debug|Any CPU
		Release|Any CPU = Release|Any CPU
	EndGlobalSection
	GlobalSection(ProjectConfigurationPlatforms) = postSolution
		{F91B88D9-103F-4BE9-89E2-B0F096E90B1B}.Debug|Any CPU.ActiveCfg = Debug|Any CPU
		{F91B88D9-103F-4BE9-89E2-B0F096E90B1B}.Debug|Any CPU.Build.0 = Debug|Any CPU
		{F91B88D9-103F-4BE9-89E2-B0F096E90B1B}.Release|Any CPU.ActiveCfg = Release|Any CPU
		{F91B88D9-103F-4BE9-89E2-B0F096E90B1B}.Release|Any CPU.Build.0 = Release|Any CPU
		{C3945F04-2D9F-403D-A903-4E82DC82D4F1}.Debug|Any CPU.ActiveCfg = Debug|Any CPU
		{C3945F04-2D9F-403D-A903-4E82DC82D4F1}.Debug|Any CPU.Build.0 = Debug|Any CPU
		{C3945F04-2D9F-403D-A903-4E82DC82D4F1}.Release|Any CPU.ActiveCfg = Release|Any CPU
		{C3945F04-2D9F-403D-A903-4E82DC82D4F1}.Release|Any CPU.Build.0 = Release|Any CPU
	EndGlobalSection
	GlobalSection(SolutionProperties) = preSolution
		HideSolutionNode = FALSE
	EndGlobalSection
	GlobalSection(ExtensibilityGlobals) = postSolution
		SolutionGuid = {EFCCDD70-CA71-4E2A-9CAE-7A6062DC6237}
	EndGlobalSection
EndGlobal
